
Microsoft Visual Studio Solution File, Format Version 12.00
# Visual Studio 15
VisualStudioVersion = 15.0.28307.1321
MinimumVisualStudioVersion = 10.0.40219.1
Project("{9A19103F-16F7-4668-BE54-9A1E7A4F7556}") = "CityTransport", "CityTransport\CityTransport.csproj", "{8F2DCA44-A41F-478F-955F-1698CC766593}"
EndProject
Project("{FAE04EC0-301F-11D3-BF4B-00C04F79EFBC}") = "DataSeed", "DataSeed\DataSeed.csproj", "{DFA3C412-E2C2-4255-B144-1C3CACBFB37D}"
EndProject
Global
	GlobalSection(SolutionConfigurationPlatforms) = preSolution
		Debug|Any CPU = Debug|Any CPU
		Release|Any CPU = Release|Any CPU
	EndGlobalSection
	GlobalSection(ProjectConfigurationPlatforms) = postSolution
		{8F2DCA44-A41F-478F-955F-1698CC766593}.Debug|Any CPU.ActiveCfg = Debug|Any CPU
		{8F2DCA44-A41F-478F-955F-1698CC766593}.Debug|Any CPU.Build.0 = Debug|Any CPU
		{8F2DCA44-A41F-478F-955F-1698CC766593}.Release|Any CPU.ActiveCfg = Release|Any CPU
		{8F2DCA44-A41F-478F-955F-1698CC766593}.Release|Any CPU.Build.0 = Release|Any CPU
		{DFA3C412-E2C2-4255-B144-1C3CACBFB37D}.Debug|Any CPU.ActiveCfg = Debug|Any CPU
		{DFA3C412-E2C2-4255-B144-1C3CACBFB37D}.Debug|Any CPU.Build.0 = Debug|Any CPU
		{DFA3C412-E2C2-4255-B144-1C3CACBFB37D}.Release|Any CPU.ActiveCfg = Release|Any CPU
		{DFA3C412-E2C2-4255-B144-1C3CACBFB37D}.Release|Any CPU.Build.0 = Release|Any CPU
	EndGlobalSection
	GlobalSection(SolutionProperties) = preSolution
		HideSolutionNode = FALSE
	EndGlobalSection
	GlobalSection(ExtensibilityGlobals) = postSolution
		SolutionGuid = {5E7C9F7A-EDEB-4454-A9DB-0F71AC12D8D7}
	EndGlobalSection
EndGlobal
